
Microsoft Visual Studio Solution File, Format Version 12.00
# Visual Studio Version 17
VisualStudioVersion = 17.0.32126.317
MinimumVisualStudioVersion = 10.0.40219.1
Project("{2150E333-8FDC-42A3-9474-1A3956D46DE8}") = "Test.U", "Test.U", "{7EF3CB4B-337D-4040-89F9-E79D054516FC}"
EndProject
Project("{9A19103F-16F7-4668-BE54-9A1E7A4F7556}") = "ScienceAndMaths.Shared", "ScienceAndMaths.Shared\ScienceAndMaths.Shared.csproj", "{E2FCAADC-CA8C-4DB9-8FC8-75D91B0984BE}"
EndProject
Project("{9A19103F-16F7-4668-BE54-9A1E7A4F7556}") = "ScienceAndMaths.Mathematics", "ScienceAndMaths.Mathematics\ScienceAndMaths.Mathematics.csproj", "{0C60F63A-B981-442A-A89F-D2C74CE65B19}"
EndProject
Project("{9A19103F-16F7-4668-BE54-9A1E7A4F7556}") = "ScienceAndMaths.Hydraulics", "ScienceAndMaths.Hydraulics\ScienceAndMaths.Hydraulics.csproj", "{A849D8FF-86F4-45D0-BA3C-810FCE8AFFE8}"
EndProject
Project("{9A19103F-16F7-4668-BE54-9A1E7A4F7556}") = "ScienceAndMaths.Mathematics.Test", "Test.U\ScienceAndMaths.Mathematics.Test\ScienceAndMaths.Mathematics.Test.csproj", "{A84E0EB7-56FC-46E7-A9E9-8119BE3BA9E3}"
EndProject
Project("{9A19103F-16F7-4668-BE54-9A1E7A4F7556}") = "ScienceAndMaths.Hydraulics.Test", "Test.U\ScienceAndMaths.Hydraulics.Test\ScienceAndMaths.Hydraulics.Test.csproj", "{FCAEAC1A-0E42-4CCC-8256-33BD74988CA8}"
EndProject
Project("{9A19103F-16F7-4668-BE54-9A1E7A4F7556}") = "ScienceAndMaths.MachineLearning", "ScienceAndMaths.MachineLearning\ScienceAndMaths.MachineLearning.csproj", "{9E40C8C2-ED15-4CA3-A2A0-E6F08533F968}"
EndProject
Project("{FAE04EC0-301F-11D3-BF4B-00C04F79EFBC}") = "ScienceAndMaths.MachineLearning.Test", "Test.U\ScienceAndMaths.MachineLearning.Test\ScienceAndMaths.MachineLearning.Test.csproj", "{FBB06ABF-877A-4976-AE6C-CED3CAFBDF14}"
EndProject
Global
	GlobalSection(SolutionConfigurationPlatforms) = preSolution
		Debug|Any CPU = Debug|Any CPU
		Release|Any CPU = Release|Any CPU
	EndGlobalSection
	GlobalSection(ProjectConfigurationPlatforms) = postSolution
		{E2FCAADC-CA8C-4DB9-8FC8-75D91B0984BE}.Debug|Any CPU.ActiveCfg = Debug|Any CPU
		{E2FCAADC-CA8C-4DB9-8FC8-75D91B0984BE}.Debug|Any CPU.Build.0 = Debug|Any CPU
		{E2FCAADC-CA8C-4DB9-8FC8-75D91B0984BE}.Release|Any CPU.ActiveCfg = Release|Any CPU
		{E2FCAADC-CA8C-4DB9-8FC8-75D91B0984BE}.Release|Any CPU.Build.0 = Release|Any CPU
		{0C60F63A-B981-442A-A89F-D2C74CE65B19}.Debug|Any CPU.ActiveCfg = Debug|Any CPU
		{0C60F63A-B981-442A-A89F-D2C74CE65B19}.Debug|Any CPU.Build.0 = Debug|Any CPU
		{0C60F63A-B981-442A-A89F-D2C74CE65B19}.Release|Any CPU.ActiveCfg = Release|Any CPU
		{0C60F63A-B981-442A-A89F-D2C74CE65B19}.Release|Any CPU.Build.0 = Release|Any CPU
		{A849D8FF-86F4-45D0-BA3C-810FCE8AFFE8}.Debug|Any CPU.ActiveCfg = Debug|Any CPU
		{A849D8FF-86F4-45D0-BA3C-810FCE8AFFE8}.Debug|Any CPU.Build.0 = Debug|Any CPU
		{A849D8FF-86F4-45D0-BA3C-810FCE8AFFE8}.Release|Any CPU.ActiveCfg = Release|Any CPU
		{A849D8FF-86F4-45D0-BA3C-810FCE8AFFE8}.Release|Any CPU.Build.0 = Release|Any CPU
		{A84E0EB7-56FC-46E7-A9E9-8119BE3BA9E3}.Debug|Any CPU.ActiveCfg = Debug|Any CPU
		{A84E0EB7-56FC-46E7-A9E9-8119BE3BA9E3}.Debug|Any CPU.Build.0 = Debug|Any CPU
		{A84E0EB7-56FC-46E7-A9E9-8119BE3BA9E3}.Release|Any CPU.ActiveCfg = Release|Any CPU
		{A84E0EB7-56FC-46E7-A9E9-8119BE3BA9E3}.Release|Any CPU.Build.0 = Release|Any CPU
		{FCAEAC1A-0E42-4CCC-8256-33BD74988CA8}.Debug|Any CPU.ActiveCfg = Debug|Any CPU
		{FCAEAC1A-0E42-4CCC-8256-33BD74988CA8}.Debug|Any CPU.Build.0 = Debug|Any CPU
		{FCAEAC1A-0E42-4CCC-8256-33BD74988CA8}.Release|Any CPU.ActiveCfg = Release|Any CPU
		{FCAEAC1A-0E42-4CCC-8256-33BD74988CA8}.Release|Any CPU.Build.0 = Release|Any CPU
		{9E40C8C2-ED15-4CA3-A2A0-E6F08533F968}.Debug|Any CPU.ActiveCfg = Debug|Any CPU
		{9E40C8C2-ED15-4CA3-A2A0-E6F08533F968}.Debug|Any CPU.Build.0 = Debug|Any CPU
		{9E40C8C2-ED15-4CA3-A2A0-E6F08533F968}.Release|Any CPU.ActiveCfg = Release|Any CPU
		{9E40C8C2-ED15-4CA3-A2A0-E6F08533F968}.Release|Any CPU.Build.0 = Release|Any CPU
		{FBB06ABF-877A-4976-AE6C-CED3CAFBDF14}.Debug|Any CPU.ActiveCfg = Debug|Any CPU
		{FBB06ABF-877A-4976-AE6C-CED3CAFBDF14}.Debug|Any CPU.Build.0 = Debug|Any CPU
		{FBB06ABF-877A-4976-AE6C-CED3CAFBDF14}.Release|Any CPU.ActiveCfg = Release|Any CPU
		{FBB06ABF-877A-4976-AE6C-CED3CAFBDF14}.Release|Any CPU.Build.0 = Release|Any CPU
	EndGlobalSection
	GlobalSection(SolutionProperties) = preSolution
		HideSolutionNode = FALSE
	EndGlobalSection
	GlobalSection(NestedProjects) = preSolution
		{A84E0EB7-56FC-46E7-A9E9-8119BE3BA9E3} = {7EF3CB4B-337D-4040-89F9-E79D054516FC}
		{FCAEAC1A-0E42-4CCC-8256-33BD74988CA8} = {7EF3CB4B-337D-4040-89F9-E79D054516FC}
		{FBB06ABF-877A-4976-AE6C-CED3CAFBDF14} = {7EF3CB4B-337D-4040-89F9-E79D054516FC}
	EndGlobalSection
	GlobalSection(ExtensibilityGlobals) = postSolution
		SolutionGuid = {BE24E04F-40D9-4FB0-AA78-F257C195F495}
	EndGlobalSection
EndGlobal
