
Microsoft Visual Studio Solution File, Format Version 12.00
# Visual Studio 15
VisualStudioVersion = 15.0.27703.2000
MinimumVisualStudioVersion = 10.0.40219.1
Project("{FAE04EC0-301F-11D3-BF4B-00C04F79EFBC}") = "ScienceAndMaths.Server", "ScienceAndMaths.Server\ScienceAndMaths.Server.csproj", "{3C869165-C9A6-4B25-BDB4-A93604C79334}"
EndProject
Project("{FAE04EC0-301F-11D3-BF4B-00C04F79EFBC}") = "ScienceAndMaths.Hydraulics", "ScienceAndMaths.Hydraulics\ScienceAndMaths.Hydraulics.csproj", "{B14FF188-99E1-48F2-90EC-8745E42412A4}"
EndProject
Project("{FAE04EC0-301F-11D3-BF4B-00C04F79EFBC}") = "ScienceAndMaths.Shared", "ScienceAndMaths.Shared\ScienceAndMaths.Shared.csproj", "{32271CAC-A2CE-4F84-8065-C356E66E2895}"
EndProject
Project("{FAE04EC0-301F-11D3-BF4B-00C04F79EFBC}") = "ScienceAndMaths.Mathematics", "ScienceAndMaths.Mathematics\ScienceAndMaths.Mathematics.csproj", "{FE52CF6D-A8E0-4B30-9FB9-926C71639BC2}"
EndProject
Project("{2150E333-8FDC-42A3-9474-1A3956D46DE8}") = "Test.U", "Test.U", "{7EF3CB4B-337D-4040-89F9-E79D054516FC}"
EndProject
Project("{FAE04EC0-301F-11D3-BF4B-00C04F79EFBC}") = "ScienceAndMaths.Mathematics.Test", "Test.U\ScienceAndMaths.Mathematics.Test\ScienceAndMaths.Mathematics.Test.csproj", "{64D08C15-85E4-4DC5-BE8F-BD04D0ECAD1E}"
EndProject
Project("{FAE04EC0-301F-11D3-BF4B-00C04F79EFBC}") = "ScienceAndMaths.Hydraulics.Test", "Test.U\ScienceAndMaths.Hydraulics.Test\ScienceAndMaths.Hydraulics.Test.csproj", "{172CD2D7-B401-451D-AA88-96B889AC24F4}"
EndProject
Project("{FAE04EC0-301F-11D3-BF4B-00C04F79EFBC}") = "ScienceAndMaths.Application", "ScienceAndMaths.Application\ScienceAndMaths.Application.csproj", "{D6154186-D621-4D44-853A-173886DBA0D2}"
EndProject
Project("{FAE04EC0-301F-11D3-BF4B-00C04F79EFBC}") = "ScienceAndMaths.Domain", "ScienceAndMaths.Domain\ScienceAndMaths.Domain.csproj", "{9DF6D77C-6ED1-4B3A-8639-4BFDEA83A579}"
EndProject
Project("{FAE04EC0-301F-11D3-BF4B-00C04F79EFBC}") = "ScienceAndMaths.Configuration", "ScienceAndMaths.Configuration\ScienceAndMaths.Configuration.csproj", "{C3210660-EB04-4688-933D-A19A0DC18C1B}"
EndProject
Project("{FAE04EC0-301F-11D3-BF4B-00C04F79EFBC}") = "ScienceAndMaths.Configuration.Test", "Test.U\ScienceAndMaths.Configuration.Test\ScienceAndMaths.Configuration.Test.csproj", "{9AD56D02-A61B-4D82-99A5-6AFD90881AA2}"
EndProject
Project("{FAE04EC0-301F-11D3-BF4B-00C04F79EFBC}") = "ScienceAndMaths.Data", "ScienceAndMaths.Data\ScienceAndMaths.Data.csproj", "{372D6698-C64E-417D-83D5-954D61EFAFDF}"
EndProject
Global
	GlobalSection(SolutionConfigurationPlatforms) = preSolution
		Debug|Any CPU = Debug|Any CPU
		Release|Any CPU = Release|Any CPU
	EndGlobalSection
	GlobalSection(ProjectConfigurationPlatforms) = postSolution
		{3C869165-C9A6-4B25-BDB4-A93604C79334}.Debug|Any CPU.ActiveCfg = Debug|Any CPU
		{3C869165-C9A6-4B25-BDB4-A93604C79334}.Debug|Any CPU.Build.0 = Debug|Any CPU
		{3C869165-C9A6-4B25-BDB4-A93604C79334}.Release|Any CPU.ActiveCfg = Release|Any CPU
		{3C869165-C9A6-4B25-BDB4-A93604C79334}.Release|Any CPU.Build.0 = Release|Any CPU
		{B14FF188-99E1-48F2-90EC-8745E42412A4}.Debug|Any CPU.ActiveCfg = Debug|Any CPU
		{B14FF188-99E1-48F2-90EC-8745E42412A4}.Debug|Any CPU.Build.0 = Debug|Any CPU
		{B14FF188-99E1-48F2-90EC-8745E42412A4}.Release|Any CPU.ActiveCfg = Release|Any CPU
		{B14FF188-99E1-48F2-90EC-8745E42412A4}.Release|Any CPU.Build.0 = Release|Any CPU
		{32271CAC-A2CE-4F84-8065-C356E66E2895}.Debug|Any CPU.ActiveCfg = Debug|Any CPU
		{32271CAC-A2CE-4F84-8065-C356E66E2895}.Debug|Any CPU.Build.0 = Debug|Any CPU
		{32271CAC-A2CE-4F84-8065-C356E66E2895}.Release|Any CPU.ActiveCfg = Release|Any CPU
		{32271CAC-A2CE-4F84-8065-C356E66E2895}.Release|Any CPU.Build.0 = Release|Any CPU
		{FE52CF6D-A8E0-4B30-9FB9-926C71639BC2}.Debug|Any CPU.ActiveCfg = Debug|Any CPU
		{FE52CF6D-A8E0-4B30-9FB9-926C71639BC2}.Debug|Any CPU.Build.0 = Debug|Any CPU
		{FE52CF6D-A8E0-4B30-9FB9-926C71639BC2}.Release|Any CPU.ActiveCfg = Release|Any CPU
		{FE52CF6D-A8E0-4B30-9FB9-926C71639BC2}.Release|Any CPU.Build.0 = Release|Any CPU
		{64D08C15-85E4-4DC5-BE8F-BD04D0ECAD1E}.Debug|Any CPU.ActiveCfg = Debug|Any CPU
		{64D08C15-85E4-4DC5-BE8F-BD04D0ECAD1E}.Debug|Any CPU.Build.0 = Debug|Any CPU
		{64D08C15-85E4-4DC5-BE8F-BD04D0ECAD1E}.Release|Any CPU.ActiveCfg = Release|Any CPU
		{64D08C15-85E4-4DC5-BE8F-BD04D0ECAD1E}.Release|Any CPU.Build.0 = Release|Any CPU
		{172CD2D7-B401-451D-AA88-96B889AC24F4}.Debug|Any CPU.ActiveCfg = Debug|Any CPU
		{172CD2D7-B401-451D-AA88-96B889AC24F4}.Debug|Any CPU.Build.0 = Debug|Any CPU
		{172CD2D7-B401-451D-AA88-96B889AC24F4}.Release|Any CPU.ActiveCfg = Release|Any CPU
		{172CD2D7-B401-451D-AA88-96B889AC24F4}.Release|Any CPU.Build.0 = Release|Any CPU
		{D6154186-D621-4D44-853A-173886DBA0D2}.Debug|Any CPU.ActiveCfg = Debug|Any CPU
		{D6154186-D621-4D44-853A-173886DBA0D2}.Debug|Any CPU.Build.0 = Debug|Any CPU
		{D6154186-D621-4D44-853A-173886DBA0D2}.Release|Any CPU.ActiveCfg = Release|Any CPU
		{D6154186-D621-4D44-853A-173886DBA0D2}.Release|Any CPU.Build.0 = Release|Any CPU
		{9DF6D77C-6ED1-4B3A-8639-4BFDEA83A579}.Debug|Any CPU.ActiveCfg = Debug|Any CPU
		{9DF6D77C-6ED1-4B3A-8639-4BFDEA83A579}.Debug|Any CPU.Build.0 = Debug|Any CPU
		{9DF6D77C-6ED1-4B3A-8639-4BFDEA83A579}.Release|Any CPU.ActiveCfg = Release|Any CPU
		{9DF6D77C-6ED1-4B3A-8639-4BFDEA83A579}.Release|Any CPU.Build.0 = Release|Any CPU
		{C3210660-EB04-4688-933D-A19A0DC18C1B}.Debug|Any CPU.ActiveCfg = Debug|Any CPU
		{C3210660-EB04-4688-933D-A19A0DC18C1B}.Debug|Any CPU.Build.0 = Debug|Any CPU
		{C3210660-EB04-4688-933D-A19A0DC18C1B}.Release|Any CPU.ActiveCfg = Release|Any CPU
		{C3210660-EB04-4688-933D-A19A0DC18C1B}.Release|Any CPU.Build.0 = Release|Any CPU
		{9AD56D02-A61B-4D82-99A5-6AFD90881AA2}.Debug|Any CPU.ActiveCfg = Debug|Any CPU
		{9AD56D02-A61B-4D82-99A5-6AFD90881AA2}.Debug|Any CPU.Build.0 = Debug|Any CPU
		{9AD56D02-A61B-4D82-99A5-6AFD90881AA2}.Release|Any CPU.ActiveCfg = Release|Any CPU
		{9AD56D02-A61B-4D82-99A5-6AFD90881AA2}.Release|Any CPU.Build.0 = Release|Any CPU
		{372D6698-C64E-417D-83D5-954D61EFAFDF}.Debug|Any CPU.ActiveCfg = Debug|Any CPU
		{372D6698-C64E-417D-83D5-954D61EFAFDF}.Debug|Any CPU.Build.0 = Debug|Any CPU
		{372D6698-C64E-417D-83D5-954D61EFAFDF}.Release|Any CPU.ActiveCfg = Release|Any CPU
		{372D6698-C64E-417D-83D5-954D61EFAFDF}.Release|Any CPU.Build.0 = Release|Any CPU
	EndGlobalSection
	GlobalSection(SolutionProperties) = preSolution
		HideSolutionNode = FALSE
	EndGlobalSection
	GlobalSection(NestedProjects) = preSolution
		{64D08C15-85E4-4DC5-BE8F-BD04D0ECAD1E} = {7EF3CB4B-337D-4040-89F9-E79D054516FC}
		{172CD2D7-B401-451D-AA88-96B889AC24F4} = {7EF3CB4B-337D-4040-89F9-E79D054516FC}
		{9AD56D02-A61B-4D82-99A5-6AFD90881AA2} = {7EF3CB4B-337D-4040-89F9-E79D054516FC}
	EndGlobalSection
	GlobalSection(ExtensibilityGlobals) = postSolution
		SolutionGuid = {BE24E04F-40D9-4FB0-AA78-F257C195F495}
	EndGlobalSection
EndGlobal
