
Microsoft Visual Studio Solution File, Format Version 12.00
# Visual Studio Version 17
VisualStudioVersion = 17.0.32126.317
MinimumVisualStudioVersion = 10.0.40219.1
Project("{FAE04EC0-301F-11D3-BF4B-00C04F79EFBC}") = "ScienceAndMaths.Server", "ScienceAndMaths.Server\ScienceAndMaths.Server.csproj", "{3C869165-C9A6-4B25-BDB4-A93604C79334}"
EndProject
Project("{2150E333-8FDC-42A3-9474-1A3956D46DE8}") = "Test.U", "Test.U", "{7EF3CB4B-337D-4040-89F9-E79D054516FC}"
EndProject
Project("{FAE04EC0-301F-11D3-BF4B-00C04F79EFBC}") = "ScienceAndMaths.Mathematics.Test", "Test.U\ScienceAndMaths.Mathematics.Test\ScienceAndMaths.Mathematics.Test.csproj", "{64D08C15-85E4-4DC5-BE8F-BD04D0ECAD1E}"
EndProject
Project("{FAE04EC0-301F-11D3-BF4B-00C04F79EFBC}") = "ScienceAndMaths.Hydraulics.Test", "Test.U\ScienceAndMaths.Hydraulics.Test\ScienceAndMaths.Hydraulics.Test.csproj", "{172CD2D7-B401-451D-AA88-96B889AC24F4}"
EndProject
Project("{FAE04EC0-301F-11D3-BF4B-00C04F79EFBC}") = "ScienceAndMaths.Application", "ScienceAndMaths.Application\ScienceAndMaths.Application.csproj", "{D6154186-D621-4D44-853A-173886DBA0D2}"
EndProject
Project("{FAE04EC0-301F-11D3-BF4B-00C04F79EFBC}") = "ScienceAndMaths.Domain", "ScienceAndMaths.Domain\ScienceAndMaths.Domain.csproj", "{9DF6D77C-6ED1-4B3A-8639-4BFDEA83A579}"
EndProject
Project("{FAE04EC0-301F-11D3-BF4B-00C04F79EFBC}") = "ScienceAndMaths.Configuration", "ScienceAndMaths.Configuration\ScienceAndMaths.Configuration.csproj", "{C3210660-EB04-4688-933D-A19A0DC18C1B}"
EndProject
Project("{FAE04EC0-301F-11D3-BF4B-00C04F79EFBC}") = "ScienceAndMaths.Configuration.Test", "Test.U\ScienceAndMaths.Configuration.Test\ScienceAndMaths.Configuration.Test.csproj", "{9AD56D02-A61B-4D82-99A5-6AFD90881AA2}"
EndProject
Project("{FAE04EC0-301F-11D3-BF4B-00C04F79EFBC}") = "ScienceAndMaths.Core", "ScienceAndMaths.Core\ScienceAndMaths.Core.csproj", "{233E869A-0F43-4E77-8DB7-3773EC7C83CE}"
EndProject
Project("{FAE04EC0-301F-11D3-BF4B-00C04F79EFBC}") = "ScienceAndMaths.Core.Test", "Test.U\ScienceAndMaths.Core.Test\ScienceAndMaths.Core.Test.csproj", "{2739BA50-1954-48AA-B781-8A7BF014433F}"
EndProject
Project("{FAE04EC0-301F-11D3-BF4B-00C04F79EFBC}") = "ScienceAndMaths.ServiceAgents", "ScienceAndMaths.ServiceAgents\ScienceAndMaths.ServiceAgents.csproj", "{AD291586-8CA9-4FFD-A607-AC694908A22B}"
EndProject
Project("{FAE04EC0-301F-11D3-BF4B-00C04F79EFBC}") = "ScienceAndMaths.Common", "ScienceAndMaths.Common\ScienceAndMaths.Common.csproj", "{1389BA52-0D48-4B0D-A907-A229FF679732}"
EndProject
Project("{FAE04EC0-301F-11D3-BF4B-00C04F79EFBC}") = "ScienceAndMaths.Common.Test", "Test.U\ScienceAndMaths.Common.Test\ScienceAndMaths.Common.Test.csproj", "{156EEB2C-AE8C-41FF-A8EE-161426D40AF4}"
EndProject
Project("{FAE04EC0-301F-11D3-BF4B-00C04F79EFBC}") = "ScienceAndMaths.Web", "ScienceAndMaths.Web\ScienceAndMaths.Web.csproj", "{32D10B37-0B50-4AD3-9D64-B377E5814606}"
EndProject
Project("{FAE04EC0-301F-11D3-BF4B-00C04F79EFBC}") = "ScienceAndMaths.User", "ScienceAndMaths.User\ScienceAndMaths.User.csproj", "{C0E73C60-AF45-4177-90FC-C93239A9A807}"
EndProject
Project("{FAE04EC0-301F-11D3-BF4B-00C04F79EFBC}") = "ScienceAndMaths.Shared", "ScienceAndMaths.Shared\ScienceAndMaths.Shared.csproj", "{E2FCAADC-CA8C-4DB9-8FC8-75D91B0984BE}"
EndProject
Project("{FAE04EC0-301F-11D3-BF4B-00C04F79EFBC}") = "ScienceAndMaths.Mathematics", "ScienceAndMaths.Mathematics\ScienceAndMaths.Mathematics.csproj", "{0C60F63A-B981-442A-A89F-D2C74CE65B19}"
EndProject
Project("{FAE04EC0-301F-11D3-BF4B-00C04F79EFBC}") = "ScienceAndMaths.Hydraulics", "ScienceAndMaths.Hydraulics\ScienceAndMaths.Hydraulics.csproj", "{A849D8FF-86F4-45D0-BA3C-810FCE8AFFE8}"
EndProject
Global
	GlobalSection(SolutionConfigurationPlatforms) = preSolution
		Debug|Any CPU = Debug|Any CPU
		Release|Any CPU = Release|Any CPU
	EndGlobalSection
	GlobalSection(ProjectConfigurationPlatforms) = postSolution
		{3C869165-C9A6-4B25-BDB4-A93604C79334}.Debug|Any CPU.ActiveCfg = Debug|Any CPU
		{3C869165-C9A6-4B25-BDB4-A93604C79334}.Debug|Any CPU.Build.0 = Debug|Any CPU
		{3C869165-C9A6-4B25-BDB4-A93604C79334}.Release|Any CPU.ActiveCfg = Release|Any CPU
		{3C869165-C9A6-4B25-BDB4-A93604C79334}.Release|Any CPU.Build.0 = Release|Any CPU
		{64D08C15-85E4-4DC5-BE8F-BD04D0ECAD1E}.Debug|Any CPU.ActiveCfg = Debug|Any CPU
		{64D08C15-85E4-4DC5-BE8F-BD04D0ECAD1E}.Debug|Any CPU.Build.0 = Debug|Any CPU
		{64D08C15-85E4-4DC5-BE8F-BD04D0ECAD1E}.Release|Any CPU.ActiveCfg = Release|Any CPU
		{64D08C15-85E4-4DC5-BE8F-BD04D0ECAD1E}.Release|Any CPU.Build.0 = Release|Any CPU
		{172CD2D7-B401-451D-AA88-96B889AC24F4}.Debug|Any CPU.ActiveCfg = Debug|Any CPU
		{172CD2D7-B401-451D-AA88-96B889AC24F4}.Debug|Any CPU.Build.0 = Debug|Any CPU
		{172CD2D7-B401-451D-AA88-96B889AC24F4}.Release|Any CPU.ActiveCfg = Release|Any CPU
		{172CD2D7-B401-451D-AA88-96B889AC24F4}.Release|Any CPU.Build.0 = Release|Any CPU
		{D6154186-D621-4D44-853A-173886DBA0D2}.Debug|Any CPU.ActiveCfg = Debug|Any CPU
		{D6154186-D621-4D44-853A-173886DBA0D2}.Debug|Any CPU.Build.0 = Debug|Any CPU
		{D6154186-D621-4D44-853A-173886DBA0D2}.Release|Any CPU.ActiveCfg = Release|Any CPU
		{D6154186-D621-4D44-853A-173886DBA0D2}.Release|Any CPU.Build.0 = Release|Any CPU
		{9DF6D77C-6ED1-4B3A-8639-4BFDEA83A579}.Debug|Any CPU.ActiveCfg = Debug|Any CPU
		{9DF6D77C-6ED1-4B3A-8639-4BFDEA83A579}.Debug|Any CPU.Build.0 = Debug|Any CPU
		{9DF6D77C-6ED1-4B3A-8639-4BFDEA83A579}.Release|Any CPU.ActiveCfg = Release|Any CPU
		{9DF6D77C-6ED1-4B3A-8639-4BFDEA83A579}.Release|Any CPU.Build.0 = Release|Any CPU
		{C3210660-EB04-4688-933D-A19A0DC18C1B}.Debug|Any CPU.ActiveCfg = Debug|Any CPU
		{C3210660-EB04-4688-933D-A19A0DC18C1B}.Debug|Any CPU.Build.0 = Debug|Any CPU
		{C3210660-EB04-4688-933D-A19A0DC18C1B}.Release|Any CPU.ActiveCfg = Release|Any CPU
		{C3210660-EB04-4688-933D-A19A0DC18C1B}.Release|Any CPU.Build.0 = Release|Any CPU
		{9AD56D02-A61B-4D82-99A5-6AFD90881AA2}.Debug|Any CPU.ActiveCfg = Debug|Any CPU
		{9AD56D02-A61B-4D82-99A5-6AFD90881AA2}.Debug|Any CPU.Build.0 = Debug|Any CPU
		{9AD56D02-A61B-4D82-99A5-6AFD90881AA2}.Release|Any CPU.ActiveCfg = Release|Any CPU
		{9AD56D02-A61B-4D82-99A5-6AFD90881AA2}.Release|Any CPU.Build.0 = Release|Any CPU
		{233E869A-0F43-4E77-8DB7-3773EC7C83CE}.Debug|Any CPU.ActiveCfg = Debug|Any CPU
		{233E869A-0F43-4E77-8DB7-3773EC7C83CE}.Debug|Any CPU.Build.0 = Debug|Any CPU
		{233E869A-0F43-4E77-8DB7-3773EC7C83CE}.Release|Any CPU.ActiveCfg = Release|Any CPU
		{233E869A-0F43-4E77-8DB7-3773EC7C83CE}.Release|Any CPU.Build.0 = Release|Any CPU
		{2739BA50-1954-48AA-B781-8A7BF014433F}.Debug|Any CPU.ActiveCfg = Debug|Any CPU
		{2739BA50-1954-48AA-B781-8A7BF014433F}.Debug|Any CPU.Build.0 = Debug|Any CPU
		{2739BA50-1954-48AA-B781-8A7BF014433F}.Release|Any CPU.ActiveCfg = Release|Any CPU
		{2739BA50-1954-48AA-B781-8A7BF014433F}.Release|Any CPU.Build.0 = Release|Any CPU
		{AD291586-8CA9-4FFD-A607-AC694908A22B}.Debug|Any CPU.ActiveCfg = Debug|Any CPU
		{AD291586-8CA9-4FFD-A607-AC694908A22B}.Debug|Any CPU.Build.0 = Debug|Any CPU
		{AD291586-8CA9-4FFD-A607-AC694908A22B}.Release|Any CPU.ActiveCfg = Release|Any CPU
		{AD291586-8CA9-4FFD-A607-AC694908A22B}.Release|Any CPU.Build.0 = Release|Any CPU
		{1389BA52-0D48-4B0D-A907-A229FF679732}.Debug|Any CPU.ActiveCfg = Debug|Any CPU
		{1389BA52-0D48-4B0D-A907-A229FF679732}.Debug|Any CPU.Build.0 = Debug|Any CPU
		{1389BA52-0D48-4B0D-A907-A229FF679732}.Release|Any CPU.ActiveCfg = Release|Any CPU
		{1389BA52-0D48-4B0D-A907-A229FF679732}.Release|Any CPU.Build.0 = Release|Any CPU
		{156EEB2C-AE8C-41FF-A8EE-161426D40AF4}.Debug|Any CPU.ActiveCfg = Debug|Any CPU
		{156EEB2C-AE8C-41FF-A8EE-161426D40AF4}.Debug|Any CPU.Build.0 = Debug|Any CPU
		{156EEB2C-AE8C-41FF-A8EE-161426D40AF4}.Release|Any CPU.ActiveCfg = Release|Any CPU
		{156EEB2C-AE8C-41FF-A8EE-161426D40AF4}.Release|Any CPU.Build.0 = Release|Any CPU
		{32D10B37-0B50-4AD3-9D64-B377E5814606}.Debug|Any CPU.ActiveCfg = Debug|Any CPU
		{32D10B37-0B50-4AD3-9D64-B377E5814606}.Debug|Any CPU.Build.0 = Debug|Any CPU
		{32D10B37-0B50-4AD3-9D64-B377E5814606}.Release|Any CPU.ActiveCfg = Release|Any CPU
		{32D10B37-0B50-4AD3-9D64-B377E5814606}.Release|Any CPU.Build.0 = Release|Any CPU
		{C0E73C60-AF45-4177-90FC-C93239A9A807}.Debug|Any CPU.ActiveCfg = Debug|Any CPU
		{C0E73C60-AF45-4177-90FC-C93239A9A807}.Debug|Any CPU.Build.0 = Debug|Any CPU
		{C0E73C60-AF45-4177-90FC-C93239A9A807}.Release|Any CPU.ActiveCfg = Release|Any CPU
		{C0E73C60-AF45-4177-90FC-C93239A9A807}.Release|Any CPU.Build.0 = Release|Any CPU
		{E2FCAADC-CA8C-4DB9-8FC8-75D91B0984BE}.Debug|Any CPU.ActiveCfg = Debug|Any CPU
		{E2FCAADC-CA8C-4DB9-8FC8-75D91B0984BE}.Debug|Any CPU.Build.0 = Debug|Any CPU
		{E2FCAADC-CA8C-4DB9-8FC8-75D91B0984BE}.Release|Any CPU.ActiveCfg = Release|Any CPU
		{E2FCAADC-CA8C-4DB9-8FC8-75D91B0984BE}.Release|Any CPU.Build.0 = Release|Any CPU
		{0C60F63A-B981-442A-A89F-D2C74CE65B19}.Debug|Any CPU.ActiveCfg = Debug|Any CPU
		{0C60F63A-B981-442A-A89F-D2C74CE65B19}.Debug|Any CPU.Build.0 = Debug|Any CPU
		{0C60F63A-B981-442A-A89F-D2C74CE65B19}.Release|Any CPU.ActiveCfg = Release|Any CPU
		{0C60F63A-B981-442A-A89F-D2C74CE65B19}.Release|Any CPU.Build.0 = Release|Any CPU
		{A849D8FF-86F4-45D0-BA3C-810FCE8AFFE8}.Debug|Any CPU.ActiveCfg = Debug|Any CPU
		{A849D8FF-86F4-45D0-BA3C-810FCE8AFFE8}.Debug|Any CPU.Build.0 = Debug|Any CPU
		{A849D8FF-86F4-45D0-BA3C-810FCE8AFFE8}.Release|Any CPU.ActiveCfg = Release|Any CPU
		{A849D8FF-86F4-45D0-BA3C-810FCE8AFFE8}.Release|Any CPU.Build.0 = Release|Any CPU
	EndGlobalSection
	GlobalSection(SolutionProperties) = preSolution
		HideSolutionNode = FALSE
	EndGlobalSection
	GlobalSection(NestedProjects) = preSolution
		{64D08C15-85E4-4DC5-BE8F-BD04D0ECAD1E} = {7EF3CB4B-337D-4040-89F9-E79D054516FC}
		{172CD2D7-B401-451D-AA88-96B889AC24F4} = {7EF3CB4B-337D-4040-89F9-E79D054516FC}
		{9AD56D02-A61B-4D82-99A5-6AFD90881AA2} = {7EF3CB4B-337D-4040-89F9-E79D054516FC}
		{2739BA50-1954-48AA-B781-8A7BF014433F} = {7EF3CB4B-337D-4040-89F9-E79D054516FC}
		{156EEB2C-AE8C-41FF-A8EE-161426D40AF4} = {7EF3CB4B-337D-4040-89F9-E79D054516FC}
	EndGlobalSection
	GlobalSection(ExtensibilityGlobals) = postSolution
		SolutionGuid = {BE24E04F-40D9-4FB0-AA78-F257C195F495}
	EndGlobalSection
EndGlobal
